
Microsoft Visual Studio Solution File, Format Version 12.00
# Visual Studio 15
VisualStudioVersion = 15.0.26430.4
MinimumVisualStudioVersion = 10.0.40219.1
Project("{FAE04EC0-301F-11D3-BF4B-00C04F79EFBC}") = "Task01PractiseIntegers", "Task01PractiseIntegers\Task01PractiseIntegers.csproj", "{7D32AA1C-EA03-4361-97C0-B57E81793A26}"
EndProject
Project("{FAE04EC0-301F-11D3-BF4B-00C04F79EFBC}") = "Task02PractiseFloatingPoints", "Task02PractiseFloatingPoints\Task02PractiseFloatingPoints.csproj", "{AEC40FB8-D6BC-441F-BCC7-28FB6D8F7005}"
EndProject
Project("{FAE04EC0-301F-11D3-BF4B-00C04F79EFBC}") = "Task03PractiseCharsAndStrings", "Task03PractiseCharsAndStrings\Task03PractiseCharsAndStrings.csproj", "{0964E749-9F89-4BC8-8BCD-DA7684A80A7C}"
EndProject
Project("{FAE04EC0-301F-11D3-BF4B-00C04F79EFBC}") = "Task04VariableInHexFormat", "Task04VariableInHexFormat\Task04VariableInHexFormat.csproj", "{94A792D8-B204-4291-AC8C-6968E8015E7E}"
EndProject
Project("{FAE04EC0-301F-11D3-BF4B-00C04F79EFBC}") = "Task05BooleanVariable", "Task05BooleanVariable\Task05BooleanVariable.csproj", "{3352481C-9D53-439F-AF38-DE83E24C24B7}"
EndProject
Project("{FAE04EC0-301F-11D3-BF4B-00C04F79EFBC}") = "Task06StringsAndObjects", "Task06StringsAndObjects\Task06StringsAndObjects.csproj", "{F10A4B5C-E1F9-4CF8-815E-7B95B5327ABF}"
EndProject
Project("{FAE04EC0-301F-11D3-BF4B-00C04F79EFBC}") = "Task07ExchangeVariableValues", "Task07ExchangeVariableValues\Task07ExchangeVariableValues.csproj", "{5273814E-5406-4C91-891D-AE3D9C6BEED8}"
EndProject
Global
	GlobalSection(SolutionConfigurationPlatforms) = preSolution
		Debug|Any CPU = Debug|Any CPU
		Release|Any CPU = Release|Any CPU
	EndGlobalSection
	GlobalSection(ProjectConfigurationPlatforms) = postSolution
		{7D32AA1C-EA03-4361-97C0-B57E81793A26}.Debug|Any CPU.ActiveCfg = Debug|Any CPU
		{7D32AA1C-EA03-4361-97C0-B57E81793A26}.Debug|Any CPU.Build.0 = Debug|Any CPU
		{7D32AA1C-EA03-4361-97C0-B57E81793A26}.Release|Any CPU.ActiveCfg = Release|Any CPU
		{7D32AA1C-EA03-4361-97C0-B57E81793A26}.Release|Any CPU.Build.0 = Release|Any CPU
		{AEC40FB8-D6BC-441F-BCC7-28FB6D8F7005}.Debug|Any CPU.ActiveCfg = Debug|Any CPU
		{AEC40FB8-D6BC-441F-BCC7-28FB6D8F7005}.Debug|Any CPU.Build.0 = Debug|Any CPU
		{AEC40FB8-D6BC-441F-BCC7-28FB6D8F7005}.Release|Any CPU.ActiveCfg = Release|Any CPU
		{AEC40FB8-D6BC-441F-BCC7-28FB6D8F7005}.Release|Any CPU.Build.0 = Release|Any CPU
		{0964E749-9F89-4BC8-8BCD-DA7684A80A7C}.Debug|Any CPU.ActiveCfg = Debug|Any CPU
		{0964E749-9F89-4BC8-8BCD-DA7684A80A7C}.Debug|Any CPU.Build.0 = Debug|Any CPU
		{0964E749-9F89-4BC8-8BCD-DA7684A80A7C}.Release|Any CPU.ActiveCfg = Release|Any CPU
		{0964E749-9F89-4BC8-8BCD-DA7684A80A7C}.Release|Any CPU.Build.0 = Release|Any CPU
		{94A792D8-B204-4291-AC8C-6968E8015E7E}.Debug|Any CPU.ActiveCfg = Debug|Any CPU
		{94A792D8-B204-4291-AC8C-6968E8015E7E}.Debug|Any CPU.Build.0 = Debug|Any CPU
		{94A792D8-B204-4291-AC8C-6968E8015E7E}.Release|Any CPU.ActiveCfg = Release|Any CPU
		{94A792D8-B204-4291-AC8C-6968E8015E7E}.Release|Any CPU.Build.0 = Release|Any CPU
		{3352481C-9D53-439F-AF38-DE83E24C24B7}.Debug|Any CPU.ActiveCfg = Debug|Any CPU
		{3352481C-9D53-439F-AF38-DE83E24C24B7}.Debug|Any CPU.Build.0 = Debug|Any CPU
		{3352481C-9D53-439F-AF38-DE83E24C24B7}.Release|Any CPU.ActiveCfg = Release|Any CPU
		{3352481C-9D53-439F-AF38-DE83E24C24B7}.Release|Any CPU.Build.0 = Release|Any CPU
		{F10A4B5C-E1F9-4CF8-815E-7B95B5327ABF}.Debug|Any CPU.ActiveCfg = Debug|Any CPU
		{F10A4B5C-E1F9-4CF8-815E-7B95B5327ABF}.Debug|Any CPU.Build.0 = Debug|Any CPU
		{F10A4B5C-E1F9-4CF8-815E-7B95B5327ABF}.Release|Any CPU.ActiveCfg = Release|Any CPU
		{F10A4B5C-E1F9-4CF8-815E-7B95B5327ABF}.Release|Any CPU.Build.0 = Release|Any CPU
		{5273814E-5406-4C91-891D-AE3D9C6BEED8}.Debug|Any CPU.ActiveCfg = Debug|Any CPU
		{5273814E-5406-4C91-891D-AE3D9C6BEED8}.Debug|Any CPU.Build.0 = Debug|Any CPU
		{5273814E-5406-4C91-891D-AE3D9C6BEED8}.Release|Any CPU.ActiveCfg = Release|Any CPU
		{5273814E-5406-4C91-891D-AE3D9C6BEED8}.Release|Any CPU.Build.0 = Release|Any CPU
	EndGlobalSection
	GlobalSection(SolutionProperties) = preSolution
		HideSolutionNode = FALSE
	EndGlobalSection
EndGlobal
