
Microsoft Visual Studio Solution File, Format Version 12.00
# Visual Studio 15
VisualStudioVersion = 15.0.26430.4
MinimumVisualStudioVersion = 10.0.40219.1
Project("{FAE04EC0-301F-11D3-BF4B-00C04F79EFBC}") = "Task04LongestInreasingSequence", "Task04LongestInreasingSequence\Task04LongestInreasingSequence.csproj", "{A867D33E-C3B1-468F-98AA-C7C5DB297062}"
EndProject
Project("{FAE04EC0-301F-11D3-BF4B-00C04F79EFBC}") = "Task07BombNumber", "Task07BombNumber\Task07BombNumber.csproj", "{46FCD22D-AA78-4F8F-9256-CAE1DE0516B8}"
EndProject
Global
	GlobalSection(SolutionConfigurationPlatforms) = preSolution
		Debug|Any CPU = Debug|Any CPU
		Release|Any CPU = Release|Any CPU
	EndGlobalSection
	GlobalSection(ProjectConfigurationPlatforms) = postSolution
		{A867D33E-C3B1-468F-98AA-C7C5DB297062}.Debug|Any CPU.ActiveCfg = Debug|Any CPU
		{A867D33E-C3B1-468F-98AA-C7C5DB297062}.Debug|Any CPU.Build.0 = Debug|Any CPU
		{A867D33E-C3B1-468F-98AA-C7C5DB297062}.Release|Any CPU.ActiveCfg = Release|Any CPU
		{A867D33E-C3B1-468F-98AA-C7C5DB297062}.Release|Any CPU.Build.0 = Release|Any CPU
		{46FCD22D-AA78-4F8F-9256-CAE1DE0516B8}.Debug|Any CPU.ActiveCfg = Debug|Any CPU
		{46FCD22D-AA78-4F8F-9256-CAE1DE0516B8}.Debug|Any CPU.Build.0 = Debug|Any CPU
		{46FCD22D-AA78-4F8F-9256-CAE1DE0516B8}.Release|Any CPU.ActiveCfg = Release|Any CPU
		{46FCD22D-AA78-4F8F-9256-CAE1DE0516B8}.Release|Any CPU.Build.0 = Release|Any CPU
	EndGlobalSection
	GlobalSection(SolutionProperties) = preSolution
		HideSolutionNode = FALSE
	EndGlobalSection
EndGlobal
