
Microsoft Visual Studio Solution File, Format Version 12.00
# Visual Studio 15
VisualStudioVersion = 15.0.26430.4
MinimumVisualStudioVersion = 10.0.40219.1
Project("{FAE04EC0-301F-11D3-BF4B-00C04F79EFBC}") = "SyntaxFileClass", "Syntax\SyntaxFileClass.csproj", "{5F8CB71F-51A3-4075-BCD5-3519530D1F43}"
EndProject
Project("{FAE04EC0-301F-11D3-BF4B-00C04F79EFBC}") = "SyntaxFileInfoClass", "SyntaxFileInfoClass\SyntaxFileInfoClass.csproj", "{8A1FC171-6111-416C-9BB0-FDA704BD33A4}"
EndProject
Project("{FAE04EC0-301F-11D3-BF4B-00C04F79EFBC}") = "_1_OddLines", "_1_OddLines\_1_OddLines.csproj", "{55D0EEB6-BD30-433D-B4F7-974B889ACAC7}"
EndProject
Project("{FAE04EC0-301F-11D3-BF4B-00C04F79EFBC}") = "_2_LineNumbers", "_2_LineNumbers\_2_LineNumbers.csproj", "{F235F96B-0FFF-4EFB-97CF-D12801A206DF}"
EndProject
Project("{FAE04EC0-301F-11D3-BF4B-00C04F79EFBC}") = "SyntexDirectories", "SyntexDirectories\SyntexDirectories.csproj", "{A4DD3B8E-8CCF-45B6-9E2A-75B79579AB09}"
EndProject
Project("{FAE04EC0-301F-11D3-BF4B-00C04F79EFBC}") = "_5_FolderSize", "_5_FolderSize\_5_FolderSize.csproj", "{2CBAF6BC-6701-4B92-BE16-BD470063CB4A}"
EndProject
Project("{FAE04EC0-301F-11D3-BF4B-00C04F79EFBC}") = "_3_WordCount", "_3_WordCount\_3_WordCount.csproj", "{12B613CA-2517-448C-BB99-F83C673AB17A}"
EndProject
Project("{FAE04EC0-301F-11D3-BF4B-00C04F79EFBC}") = "_4_MergeFiles", "_4_MergeFiles\_4_MergeFiles.csproj", "{B51F63DA-4DCA-4C14-8013-32CFE6CA179E}"
EndProject
Global
	GlobalSection(SolutionConfigurationPlatforms) = preSolution
		Debug|Any CPU = Debug|Any CPU
		Release|Any CPU = Release|Any CPU
	EndGlobalSection
	GlobalSection(ProjectConfigurationPlatforms) = postSolution
		{5F8CB71F-51A3-4075-BCD5-3519530D1F43}.Debug|Any CPU.ActiveCfg = Debug|Any CPU
		{5F8CB71F-51A3-4075-BCD5-3519530D1F43}.Debug|Any CPU.Build.0 = Debug|Any CPU
		{5F8CB71F-51A3-4075-BCD5-3519530D1F43}.Release|Any CPU.ActiveCfg = Release|Any CPU
		{5F8CB71F-51A3-4075-BCD5-3519530D1F43}.Release|Any CPU.Build.0 = Release|Any CPU
		{8A1FC171-6111-416C-9BB0-FDA704BD33A4}.Debug|Any CPU.ActiveCfg = Debug|Any CPU
		{8A1FC171-6111-416C-9BB0-FDA704BD33A4}.Debug|Any CPU.Build.0 = Debug|Any CPU
		{8A1FC171-6111-416C-9BB0-FDA704BD33A4}.Release|Any CPU.ActiveCfg = Release|Any CPU
		{8A1FC171-6111-416C-9BB0-FDA704BD33A4}.Release|Any CPU.Build.0 = Release|Any CPU
		{55D0EEB6-BD30-433D-B4F7-974B889ACAC7}.Debug|Any CPU.ActiveCfg = Debug|Any CPU
		{55D0EEB6-BD30-433D-B4F7-974B889ACAC7}.Debug|Any CPU.Build.0 = Debug|Any CPU
		{55D0EEB6-BD30-433D-B4F7-974B889ACAC7}.Release|Any CPU.ActiveCfg = Release|Any CPU
		{55D0EEB6-BD30-433D-B4F7-974B889ACAC7}.Release|Any CPU.Build.0 = Release|Any CPU
		{F235F96B-0FFF-4EFB-97CF-D12801A206DF}.Debug|Any CPU.ActiveCfg = Debug|Any CPU
		{F235F96B-0FFF-4EFB-97CF-D12801A206DF}.Debug|Any CPU.Build.0 = Debug|Any CPU
		{F235F96B-0FFF-4EFB-97CF-D12801A206DF}.Release|Any CPU.ActiveCfg = Release|Any CPU
		{F235F96B-0FFF-4EFB-97CF-D12801A206DF}.Release|Any CPU.Build.0 = Release|Any CPU
		{A4DD3B8E-8CCF-45B6-9E2A-75B79579AB09}.Debug|Any CPU.ActiveCfg = Debug|Any CPU
		{A4DD3B8E-8CCF-45B6-9E2A-75B79579AB09}.Debug|Any CPU.Build.0 = Debug|Any CPU
		{A4DD3B8E-8CCF-45B6-9E2A-75B79579AB09}.Release|Any CPU.ActiveCfg = Release|Any CPU
		{A4DD3B8E-8CCF-45B6-9E2A-75B79579AB09}.Release|Any CPU.Build.0 = Release|Any CPU
		{2CBAF6BC-6701-4B92-BE16-BD470063CB4A}.Debug|Any CPU.ActiveCfg = Debug|Any CPU
		{2CBAF6BC-6701-4B92-BE16-BD470063CB4A}.Debug|Any CPU.Build.0 = Debug|Any CPU
		{2CBAF6BC-6701-4B92-BE16-BD470063CB4A}.Release|Any CPU.ActiveCfg = Release|Any CPU
		{2CBAF6BC-6701-4B92-BE16-BD470063CB4A}.Release|Any CPU.Build.0 = Release|Any CPU
		{12B613CA-2517-448C-BB99-F83C673AB17A}.Debug|Any CPU.ActiveCfg = Debug|Any CPU
		{12B613CA-2517-448C-BB99-F83C673AB17A}.Debug|Any CPU.Build.0 = Debug|Any CPU
		{12B613CA-2517-448C-BB99-F83C673AB17A}.Release|Any CPU.ActiveCfg = Release|Any CPU
		{12B613CA-2517-448C-BB99-F83C673AB17A}.Release|Any CPU.Build.0 = Release|Any CPU
		{B51F63DA-4DCA-4C14-8013-32CFE6CA179E}.Debug|Any CPU.ActiveCfg = Debug|Any CPU
		{B51F63DA-4DCA-4C14-8013-32CFE6CA179E}.Debug|Any CPU.Build.0 = Debug|Any CPU
		{B51F63DA-4DCA-4C14-8013-32CFE6CA179E}.Release|Any CPU.ActiveCfg = Release|Any CPU
		{B51F63DA-4DCA-4C14-8013-32CFE6CA179E}.Release|Any CPU.Build.0 = Release|Any CPU
	EndGlobalSection
	GlobalSection(SolutionProperties) = preSolution
		HideSolutionNode = FALSE
	EndGlobalSection
EndGlobal
