
Microsoft Visual Studio Solution File, Format Version 12.00
# Visual Studio 15
VisualStudioVersion = 15.0.26430.4
MinimumVisualStudioVersion = 10.0.40219.1
Project("{FAE04EC0-301F-11D3-BF4B-00C04F79EFBC}") = "Task11EqualSums", "Task11EqualSums\Task11EqualSums.csproj", "{111E1BEB-5FCE-4D5A-A3C1-484E5DAB8EDD}"
EndProject
Project("{FAE04EC0-301F-11D3-BF4B-00C04F79EFBC}") = "Task10PairsInDifference", "Task10PairsInDifference\Task10PairsInDifference.csproj", "{0AEBB229-5D6D-4C80-8F7E-8DF122879C0A}"
EndProject
Project("{FAE04EC0-301F-11D3-BF4B-00C04F79EFBC}") = "Task09IndexOfLetters", "Task09IndexOfLetters\Task09IndexOfLetters.csproj", "{081DCB14-4F46-449C-BD2C-B0E81C440EB4}"
EndProject
Global
	GlobalSection(SolutionConfigurationPlatforms) = preSolution
		Debug|Any CPU = Debug|Any CPU
		Release|Any CPU = Release|Any CPU
	EndGlobalSection
	GlobalSection(ProjectConfigurationPlatforms) = postSolution
		{111E1BEB-5FCE-4D5A-A3C1-484E5DAB8EDD}.Debug|Any CPU.ActiveCfg = Debug|Any CPU
		{111E1BEB-5FCE-4D5A-A3C1-484E5DAB8EDD}.Debug|Any CPU.Build.0 = Debug|Any CPU
		{111E1BEB-5FCE-4D5A-A3C1-484E5DAB8EDD}.Release|Any CPU.ActiveCfg = Release|Any CPU
		{111E1BEB-5FCE-4D5A-A3C1-484E5DAB8EDD}.Release|Any CPU.Build.0 = Release|Any CPU
		{0AEBB229-5D6D-4C80-8F7E-8DF122879C0A}.Debug|Any CPU.ActiveCfg = Debug|Any CPU
		{0AEBB229-5D6D-4C80-8F7E-8DF122879C0A}.Debug|Any CPU.Build.0 = Debug|Any CPU
		{0AEBB229-5D6D-4C80-8F7E-8DF122879C0A}.Release|Any CPU.ActiveCfg = Release|Any CPU
		{0AEBB229-5D6D-4C80-8F7E-8DF122879C0A}.Release|Any CPU.Build.0 = Release|Any CPU
		{081DCB14-4F46-449C-BD2C-B0E81C440EB4}.Debug|Any CPU.ActiveCfg = Debug|Any CPU
		{081DCB14-4F46-449C-BD2C-B0E81C440EB4}.Debug|Any CPU.Build.0 = Debug|Any CPU
		{081DCB14-4F46-449C-BD2C-B0E81C440EB4}.Release|Any CPU.ActiveCfg = Release|Any CPU
		{081DCB14-4F46-449C-BD2C-B0E81C440EB4}.Release|Any CPU.Build.0 = Release|Any CPU
	EndGlobalSection
	GlobalSection(SolutionProperties) = preSolution
		HideSolutionNode = FALSE
	EndGlobalSection
EndGlobal
