
Microsoft Visual Studio Solution File, Format Version 12.00
# Visual Studio 15
VisualStudioVersion = 15.0.26430.4
MinimumVisualStudioVersion = 10.0.40219.1
Project("{FAE04EC0-301F-11D3-BF4B-00C04F79EFBC}") = "Syntax", "Syntax\Syntax.csproj", "{C8BF6CEF-9A9C-4239-B913-796B844AF78E}"
EndProject
Project("{FAE04EC0-301F-11D3-BF4B-00C04F79EFBC}") = "_1_SumMinMax", "_1_SumMinMax\_1_SumMinMax.csproj", "{B9B23D7B-BE49-4EB2-AE99-D09ED49EC414}"
EndProject
Project("{FAE04EC0-301F-11D3-BF4B-00C04F79EFBC}") = "_1_Largest3Numbers", "_1_Largest3Numbers\_1_Largest3Numbers.csproj", "{09276708-C950-46F3-B63D-65E22AEEF54B}"
EndProject
Project("{FAE04EC0-301F-11D3-BF4B-00C04F79EFBC}") = "_3_ShortWordSorted", "_3_ShortWordSorted\_3_ShortWordSorted.csproj", "{80C8161B-75A2-4808-AE8B-0BBC47205BB8}"
EndProject
Project("{FAE04EC0-301F-11D3-BF4B-00C04F79EFBC}") = "Trial", "Trial\Trial.csproj", "{CAC3E201-6A57-4C63-9912-48AC394F4A89}"
EndProject
Project("{FAE04EC0-301F-11D3-BF4B-00C04F79EFBC}") = "_4_FoldAndSum", "_4_FoldAndSum\_4_FoldAndSum.csproj", "{C21A2EE1-1BB2-4D85-BBBE-14D1365C14F8}"
EndProject
Global
	GlobalSection(SolutionConfigurationPlatforms) = preSolution
		Debug|Any CPU = Debug|Any CPU
		Release|Any CPU = Release|Any CPU
	EndGlobalSection
	GlobalSection(ProjectConfigurationPlatforms) = postSolution
		{C8BF6CEF-9A9C-4239-B913-796B844AF78E}.Debug|Any CPU.ActiveCfg = Debug|Any CPU
		{C8BF6CEF-9A9C-4239-B913-796B844AF78E}.Debug|Any CPU.Build.0 = Debug|Any CPU
		{C8BF6CEF-9A9C-4239-B913-796B844AF78E}.Release|Any CPU.ActiveCfg = Release|Any CPU
		{C8BF6CEF-9A9C-4239-B913-796B844AF78E}.Release|Any CPU.Build.0 = Release|Any CPU
		{B9B23D7B-BE49-4EB2-AE99-D09ED49EC414}.Debug|Any CPU.ActiveCfg = Debug|Any CPU
		{B9B23D7B-BE49-4EB2-AE99-D09ED49EC414}.Debug|Any CPU.Build.0 = Debug|Any CPU
		{B9B23D7B-BE49-4EB2-AE99-D09ED49EC414}.Release|Any CPU.ActiveCfg = Release|Any CPU
		{B9B23D7B-BE49-4EB2-AE99-D09ED49EC414}.Release|Any CPU.Build.0 = Release|Any CPU
		{09276708-C950-46F3-B63D-65E22AEEF54B}.Debug|Any CPU.ActiveCfg = Debug|Any CPU
		{09276708-C950-46F3-B63D-65E22AEEF54B}.Debug|Any CPU.Build.0 = Debug|Any CPU
		{09276708-C950-46F3-B63D-65E22AEEF54B}.Release|Any CPU.ActiveCfg = Release|Any CPU
		{09276708-C950-46F3-B63D-65E22AEEF54B}.Release|Any CPU.Build.0 = Release|Any CPU
		{80C8161B-75A2-4808-AE8B-0BBC47205BB8}.Debug|Any CPU.ActiveCfg = Debug|Any CPU
		{80C8161B-75A2-4808-AE8B-0BBC47205BB8}.Debug|Any CPU.Build.0 = Debug|Any CPU
		{80C8161B-75A2-4808-AE8B-0BBC47205BB8}.Release|Any CPU.ActiveCfg = Release|Any CPU
		{80C8161B-75A2-4808-AE8B-0BBC47205BB8}.Release|Any CPU.Build.0 = Release|Any CPU
		{CAC3E201-6A57-4C63-9912-48AC394F4A89}.Debug|Any CPU.ActiveCfg = Debug|Any CPU
		{CAC3E201-6A57-4C63-9912-48AC394F4A89}.Debug|Any CPU.Build.0 = Debug|Any CPU
		{CAC3E201-6A57-4C63-9912-48AC394F4A89}.Release|Any CPU.ActiveCfg = Release|Any CPU
		{CAC3E201-6A57-4C63-9912-48AC394F4A89}.Release|Any CPU.Build.0 = Release|Any CPU
		{C21A2EE1-1BB2-4D85-BBBE-14D1365C14F8}.Debug|Any CPU.ActiveCfg = Debug|Any CPU
		{C21A2EE1-1BB2-4D85-BBBE-14D1365C14F8}.Debug|Any CPU.Build.0 = Debug|Any CPU
		{C21A2EE1-1BB2-4D85-BBBE-14D1365C14F8}.Release|Any CPU.ActiveCfg = Release|Any CPU
		{C21A2EE1-1BB2-4D85-BBBE-14D1365C14F8}.Release|Any CPU.Build.0 = Release|Any CPU
	EndGlobalSection
	GlobalSection(SolutionProperties) = preSolution
		HideSolutionNode = FALSE
	EndGlobalSection
EndGlobal
