
Microsoft Visual Studio Solution File, Format Version 12.00
# Visual Studio 15
VisualStudioVersion = 15.0.26430.4
MinimumVisualStudioVersion = 10.0.40219.1
Project("{FAE04EC0-301F-11D3-BF4B-00C04F79EFBC}") = "MagicCarNumbers04", "MagicCarNumbers04.csproj", "{B077A975-DCA8-467B-AACF-84D7CD8B73F8}"
EndProject
Project("{FAE04EC0-301F-11D3-BF4B-00C04F79EFBC}") = "DNA03", "..\DNA03\DNA03.csproj", "{00B209B5-33FD-4C51-8299-C2095A42732A}"
EndProject
Global
	GlobalSection(SolutionConfigurationPlatforms) = preSolution
		Debug|Any CPU = Debug|Any CPU
		Release|Any CPU = Release|Any CPU
	EndGlobalSection
	GlobalSection(ProjectConfigurationPlatforms) = postSolution
		{B077A975-DCA8-467B-AACF-84D7CD8B73F8}.Debug|Any CPU.ActiveCfg = Debug|Any CPU
		{B077A975-DCA8-467B-AACF-84D7CD8B73F8}.Debug|Any CPU.Build.0 = Debug|Any CPU
		{B077A975-DCA8-467B-AACF-84D7CD8B73F8}.Release|Any CPU.ActiveCfg = Release|Any CPU
		{B077A975-DCA8-467B-AACF-84D7CD8B73F8}.Release|Any CPU.Build.0 = Release|Any CPU
		{00B209B5-33FD-4C51-8299-C2095A42732A}.Debug|Any CPU.ActiveCfg = Debug|Any CPU
		{00B209B5-33FD-4C51-8299-C2095A42732A}.Debug|Any CPU.Build.0 = Debug|Any CPU
		{00B209B5-33FD-4C51-8299-C2095A42732A}.Release|Any CPU.ActiveCfg = Release|Any CPU
		{00B209B5-33FD-4C51-8299-C2095A42732A}.Release|Any CPU.Build.0 = Release|Any CPU
	EndGlobalSection
	GlobalSection(SolutionProperties) = preSolution
		HideSolutionNode = FALSE
	EndGlobalSection
EndGlobal
