
Microsoft Visual Studio Solution File, Format Version 12.00
# Visual Studio 15
VisualStudioVersion = 15.0.26430.4
MinimumVisualStudioVersion = 10.0.40219.1
Project("{FAE04EC0-301F-11D3-BF4B-00C04F79EFBC}") = "Task01HellooName", "Task01HellooName\Task01HellooName.csproj", "{FA13A49F-DD83-4D43-A9D1-49BC891003D9}"
EndProject
Project("{FAE04EC0-301F-11D3-BF4B-00C04F79EFBC}") = "Task02MaxMethod", "Task02MaxMethod\Task02MaxMethod.csproj", "{D6F8B99B-F2BE-465D-BCF9-DFEAF1FF98C8}"
EndProject
Project("{FAE04EC0-301F-11D3-BF4B-00C04F79EFBC}") = "Task03EnglishNameOfLastDigit", "Task03EnglishNameOfLastDigit\Task03EnglishNameOfLastDigit.csproj", "{10E24C62-AB81-436E-9638-E8224EB437F5}"
EndProject
Project("{FAE04EC0-301F-11D3-BF4B-00C04F79EFBC}") = "Task04NumbersInReversedOrder", "Task04NumbersInReversedOrder\Task04NumbersInReversedOrder.csproj", "{FB7405EA-3675-4627-BE6A-FD6F43D5D4E7}"
EndProject
Project("{FAE04EC0-301F-11D3-BF4B-00C04F79EFBC}") = "Task05FibonacciNumbers", "Task05FibonacciNumbers\Task05FibonacciNumbers.csproj", "{FF40A74D-4CF6-49F1-A455-AC89BFABEA13}"
EndProject
Project("{FAE04EC0-301F-11D3-BF4B-00C04F79EFBC}") = "Task06PrimeChecker", "Task06PrimeChecker\Task06PrimeChecker.csproj", "{12414B4F-8D3B-400F-836F-37675D88D9E4}"
EndProject
Project("{FAE04EC0-301F-11D3-BF4B-00C04F79EFBC}") = "Task07PrimesInGivenRange", "Task07PrimesInGivenRange\Task07PrimesInGivenRange.csproj", "{42B1934E-62D7-46FF-A92A-3795ADE6D457}"
EndProject
Project("{FAE04EC0-301F-11D3-BF4B-00C04F79EFBC}") = "Task08CentralPoint", "Task08CentralPoint\Task08CentralPoint.csproj", "{41BDC18D-9982-49F0-95D4-4410EEB6BFB6}"
EndProject
Project("{FAE04EC0-301F-11D3-BF4B-00C04F79EFBC}") = "Task09LongerLine", "Task09LongerLine\Task09LongerLine.csproj", "{DF4D40E5-F61B-449D-9B8F-9A62E7E75CF8}"
EndProject
Project("{FAE04EC0-301F-11D3-BF4B-00C04F79EFBC}") = "Task10CubeProperties", "Task10CubeProperties\Task10CubeProperties.csproj", "{40A8ECED-6B95-40DB-98AD-CF98619E6CD1}"
EndProject
Project("{FAE04EC0-301F-11D3-BF4B-00C04F79EFBC}") = "Task11GeometryCalculator", "Task11GeometryCalculator\Task11GeometryCalculator.csproj", "{1E7C1019-4B04-4899-9C2E-B899F0D69188}"
EndProject
Project("{FAE04EC0-301F-11D3-BF4B-00C04F79EFBC}") = "Task12MasterNumber", "Task12MasterNumber\Task12MasterNumber.csproj", "{5062F75E-3864-40D5-B70C-1891E1AF1484}"
EndProject
Project("{FAE04EC0-301F-11D3-BF4B-00C04F79EFBC}") = "Task13Factoriel", "Task13Factoriel\Task13Factoriel.csproj", "{F45E586D-0FB5-410D-9225-36600AF65E46}"
EndProject
Project("{FAE04EC0-301F-11D3-BF4B-00C04F79EFBC}") = "Task14FactorielTrailingZeroes", "Task14FactorielTrailingZeroes\Task14FactorielTrailingZeroes.csproj", "{1BD78F66-BF48-4589-A9DC-33DA2DF353A3}"
EndProject
Project("{FAE04EC0-301F-11D3-BF4B-00C04F79EFBC}") = "Task15SubstringDebugging", "Task15SubstringDebugging\Task15SubstringDebugging.csproj", "{17D7727D-4C19-4BCE-824A-25C17EE1D8C7}"
EndProject
Project("{FAE04EC0-301F-11D3-BF4B-00C04F79EFBC}") = "Task16InstructionSet", "Task16InstructionSet\Task16InstructionSet.csproj", "{C2DCA910-F7CE-49F4-A026-BD6CCE7729C7}"
EndProject
Project("{FAE04EC0-301F-11D3-BF4B-00C04F79EFBC}") = "Task17BePositive", "Task17BePositive\Task17BePositive.csproj", "{51297318-BA16-4190-BE92-6F6B08E04CD8}"
EndProject
Project("{FAE04EC0-301F-11D3-BF4B-00C04F79EFBC}") = "Task18SequenceOfCommands", "Task18SequenceOfCommands\Task18SequenceOfCommands.csproj", "{454392E0-F5DA-4D01-8312-9BC1EF3DE175}"
EndProject
Global
	GlobalSection(SolutionConfigurationPlatforms) = preSolution
		Debug|Any CPU = Debug|Any CPU
		Release|Any CPU = Release|Any CPU
	EndGlobalSection
	GlobalSection(ProjectConfigurationPlatforms) = postSolution
		{FA13A49F-DD83-4D43-A9D1-49BC891003D9}.Debug|Any CPU.ActiveCfg = Debug|Any CPU
		{FA13A49F-DD83-4D43-A9D1-49BC891003D9}.Debug|Any CPU.Build.0 = Debug|Any CPU
		{FA13A49F-DD83-4D43-A9D1-49BC891003D9}.Release|Any CPU.ActiveCfg = Release|Any CPU
		{FA13A49F-DD83-4D43-A9D1-49BC891003D9}.Release|Any CPU.Build.0 = Release|Any CPU
		{D6F8B99B-F2BE-465D-BCF9-DFEAF1FF98C8}.Debug|Any CPU.ActiveCfg = Debug|Any CPU
		{D6F8B99B-F2BE-465D-BCF9-DFEAF1FF98C8}.Debug|Any CPU.Build.0 = Debug|Any CPU
		{D6F8B99B-F2BE-465D-BCF9-DFEAF1FF98C8}.Release|Any CPU.ActiveCfg = Release|Any CPU
		{D6F8B99B-F2BE-465D-BCF9-DFEAF1FF98C8}.Release|Any CPU.Build.0 = Release|Any CPU
		{10E24C62-AB81-436E-9638-E8224EB437F5}.Debug|Any CPU.ActiveCfg = Debug|Any CPU
		{10E24C62-AB81-436E-9638-E8224EB437F5}.Debug|Any CPU.Build.0 = Debug|Any CPU
		{10E24C62-AB81-436E-9638-E8224EB437F5}.Release|Any CPU.ActiveCfg = Release|Any CPU
		{10E24C62-AB81-436E-9638-E8224EB437F5}.Release|Any CPU.Build.0 = Release|Any CPU
		{FB7405EA-3675-4627-BE6A-FD6F43D5D4E7}.Debug|Any CPU.ActiveCfg = Debug|Any CPU
		{FB7405EA-3675-4627-BE6A-FD6F43D5D4E7}.Debug|Any CPU.Build.0 = Debug|Any CPU
		{FB7405EA-3675-4627-BE6A-FD6F43D5D4E7}.Release|Any CPU.ActiveCfg = Release|Any CPU
		{FB7405EA-3675-4627-BE6A-FD6F43D5D4E7}.Release|Any CPU.Build.0 = Release|Any CPU
		{FF40A74D-4CF6-49F1-A455-AC89BFABEA13}.Debug|Any CPU.ActiveCfg = Debug|Any CPU
		{FF40A74D-4CF6-49F1-A455-AC89BFABEA13}.Debug|Any CPU.Build.0 = Debug|Any CPU
		{FF40A74D-4CF6-49F1-A455-AC89BFABEA13}.Release|Any CPU.ActiveCfg = Release|Any CPU
		{FF40A74D-4CF6-49F1-A455-AC89BFABEA13}.Release|Any CPU.Build.0 = Release|Any CPU
		{12414B4F-8D3B-400F-836F-37675D88D9E4}.Debug|Any CPU.ActiveCfg = Debug|Any CPU
		{12414B4F-8D3B-400F-836F-37675D88D9E4}.Debug|Any CPU.Build.0 = Debug|Any CPU
		{12414B4F-8D3B-400F-836F-37675D88D9E4}.Release|Any CPU.ActiveCfg = Release|Any CPU
		{12414B4F-8D3B-400F-836F-37675D88D9E4}.Release|Any CPU.Build.0 = Release|Any CPU
		{42B1934E-62D7-46FF-A92A-3795ADE6D457}.Debug|Any CPU.ActiveCfg = Debug|Any CPU
		{42B1934E-62D7-46FF-A92A-3795ADE6D457}.Debug|Any CPU.Build.0 = Debug|Any CPU
		{42B1934E-62D7-46FF-A92A-3795ADE6D457}.Release|Any CPU.ActiveCfg = Release|Any CPU
		{42B1934E-62D7-46FF-A92A-3795ADE6D457}.Release|Any CPU.Build.0 = Release|Any CPU
		{41BDC18D-9982-49F0-95D4-4410EEB6BFB6}.Debug|Any CPU.ActiveCfg = Debug|Any CPU
		{41BDC18D-9982-49F0-95D4-4410EEB6BFB6}.Debug|Any CPU.Build.0 = Debug|Any CPU
		{41BDC18D-9982-49F0-95D4-4410EEB6BFB6}.Release|Any CPU.ActiveCfg = Release|Any CPU
		{41BDC18D-9982-49F0-95D4-4410EEB6BFB6}.Release|Any CPU.Build.0 = Release|Any CPU
		{DF4D40E5-F61B-449D-9B8F-9A62E7E75CF8}.Debug|Any CPU.ActiveCfg = Debug|Any CPU
		{DF4D40E5-F61B-449D-9B8F-9A62E7E75CF8}.Debug|Any CPU.Build.0 = Debug|Any CPU
		{DF4D40E5-F61B-449D-9B8F-9A62E7E75CF8}.Release|Any CPU.ActiveCfg = Release|Any CPU
		{DF4D40E5-F61B-449D-9B8F-9A62E7E75CF8}.Release|Any CPU.Build.0 = Release|Any CPU
		{40A8ECED-6B95-40DB-98AD-CF98619E6CD1}.Debug|Any CPU.ActiveCfg = Debug|Any CPU
		{40A8ECED-6B95-40DB-98AD-CF98619E6CD1}.Debug|Any CPU.Build.0 = Debug|Any CPU
		{40A8ECED-6B95-40DB-98AD-CF98619E6CD1}.Release|Any CPU.ActiveCfg = Release|Any CPU
		{40A8ECED-6B95-40DB-98AD-CF98619E6CD1}.Release|Any CPU.Build.0 = Release|Any CPU
		{1E7C1019-4B04-4899-9C2E-B899F0D69188}.Debug|Any CPU.ActiveCfg = Debug|Any CPU
		{1E7C1019-4B04-4899-9C2E-B899F0D69188}.Debug|Any CPU.Build.0 = Debug|Any CPU
		{1E7C1019-4B04-4899-9C2E-B899F0D69188}.Release|Any CPU.ActiveCfg = Release|Any CPU
		{1E7C1019-4B04-4899-9C2E-B899F0D69188}.Release|Any CPU.Build.0 = Release|Any CPU
		{5062F75E-3864-40D5-B70C-1891E1AF1484}.Debug|Any CPU.ActiveCfg = Debug|Any CPU
		{5062F75E-3864-40D5-B70C-1891E1AF1484}.Debug|Any CPU.Build.0 = Debug|Any CPU
		{5062F75E-3864-40D5-B70C-1891E1AF1484}.Release|Any CPU.ActiveCfg = Release|Any CPU
		{5062F75E-3864-40D5-B70C-1891E1AF1484}.Release|Any CPU.Build.0 = Release|Any CPU
		{F45E586D-0FB5-410D-9225-36600AF65E46}.Debug|Any CPU.ActiveCfg = Debug|Any CPU
		{F45E586D-0FB5-410D-9225-36600AF65E46}.Debug|Any CPU.Build.0 = Debug|Any CPU
		{F45E586D-0FB5-410D-9225-36600AF65E46}.Release|Any CPU.ActiveCfg = Release|Any CPU
		{F45E586D-0FB5-410D-9225-36600AF65E46}.Release|Any CPU.Build.0 = Release|Any CPU
		{1BD78F66-BF48-4589-A9DC-33DA2DF353A3}.Debug|Any CPU.ActiveCfg = Debug|Any CPU
		{1BD78F66-BF48-4589-A9DC-33DA2DF353A3}.Debug|Any CPU.Build.0 = Debug|Any CPU
		{1BD78F66-BF48-4589-A9DC-33DA2DF353A3}.Release|Any CPU.ActiveCfg = Release|Any CPU
		{1BD78F66-BF48-4589-A9DC-33DA2DF353A3}.Release|Any CPU.Build.0 = Release|Any CPU
		{17D7727D-4C19-4BCE-824A-25C17EE1D8C7}.Debug|Any CPU.ActiveCfg = Debug|Any CPU
		{17D7727D-4C19-4BCE-824A-25C17EE1D8C7}.Debug|Any CPU.Build.0 = Debug|Any CPU
		{17D7727D-4C19-4BCE-824A-25C17EE1D8C7}.Release|Any CPU.ActiveCfg = Release|Any CPU
		{17D7727D-4C19-4BCE-824A-25C17EE1D8C7}.Release|Any CPU.Build.0 = Release|Any CPU
		{C2DCA910-F7CE-49F4-A026-BD6CCE7729C7}.Debug|Any CPU.ActiveCfg = Debug|Any CPU
		{C2DCA910-F7CE-49F4-A026-BD6CCE7729C7}.Debug|Any CPU.Build.0 = Debug|Any CPU
		{C2DCA910-F7CE-49F4-A026-BD6CCE7729C7}.Release|Any CPU.ActiveCfg = Release|Any CPU
		{C2DCA910-F7CE-49F4-A026-BD6CCE7729C7}.Release|Any CPU.Build.0 = Release|Any CPU
		{51297318-BA16-4190-BE92-6F6B08E04CD8}.Debug|Any CPU.ActiveCfg = Debug|Any CPU
		{51297318-BA16-4190-BE92-6F6B08E04CD8}.Debug|Any CPU.Build.0 = Debug|Any CPU
		{51297318-BA16-4190-BE92-6F6B08E04CD8}.Release|Any CPU.ActiveCfg = Release|Any CPU
		{51297318-BA16-4190-BE92-6F6B08E04CD8}.Release|Any CPU.Build.0 = Release|Any CPU
		{454392E0-F5DA-4D01-8312-9BC1EF3DE175}.Debug|Any CPU.ActiveCfg = Debug|Any CPU
		{454392E0-F5DA-4D01-8312-9BC1EF3DE175}.Debug|Any CPU.Build.0 = Debug|Any CPU
		{454392E0-F5DA-4D01-8312-9BC1EF3DE175}.Release|Any CPU.ActiveCfg = Release|Any CPU
		{454392E0-F5DA-4D01-8312-9BC1EF3DE175}.Release|Any CPU.Build.0 = Release|Any CPU
	EndGlobalSection
	GlobalSection(SolutionProperties) = preSolution
		HideSolutionNode = FALSE
	EndGlobalSection
EndGlobal
