
Microsoft Visual Studio Solution File, Format Version 12.00
# Visual Studio 15
VisualStudioVersion = 15.0.26430.4
MinimumVisualStudioVersion = 10.0.40219.1
Project("{FAE04EC0-301F-11D3-BF4B-00C04F79EFBC}") = "_1_Passed", "_1_Passed\_1_Passed.csproj", "{8F719168-003D-4344-9573-61149F14E3B4}"
EndProject
Project("{FAE04EC0-301F-11D3-BF4B-00C04F79EFBC}") = "_2_PassedOrFailed", "_2_PassedOrFailed\_2_PassedOrFailed.csproj", "{78121694-CA1B-4C92-9BFD-B79BEF387951}"
EndProject
Project("{FAE04EC0-301F-11D3-BF4B-00C04F79EFBC}") = "_3_BackIn30Min", "_3_BackIn30Min\_3_BackIn30Min.csproj", "{C265FA26-CDF4-4CD9-A54A-C90660AD488C}"
EndProject
Project("{FAE04EC0-301F-11D3-BF4B-00C04F79EFBC}") = "_4_MonthPrinter", "_4_MonthPrinter\_4_MonthPrinter.csproj", "{9F7E8069-ABDD-490C-A0B7-0E3560899413}"
EndProject
Global
	GlobalSection(SolutionConfigurationPlatforms) = preSolution
		Debug|Any CPU = Debug|Any CPU
		Release|Any CPU = Release|Any CPU
	EndGlobalSection
	GlobalSection(ProjectConfigurationPlatforms) = postSolution
		{8F719168-003D-4344-9573-61149F14E3B4}.Debug|Any CPU.ActiveCfg = Debug|Any CPU
		{8F719168-003D-4344-9573-61149F14E3B4}.Debug|Any CPU.Build.0 = Debug|Any CPU
		{8F719168-003D-4344-9573-61149F14E3B4}.Release|Any CPU.ActiveCfg = Release|Any CPU
		{8F719168-003D-4344-9573-61149F14E3B4}.Release|Any CPU.Build.0 = Release|Any CPU
		{78121694-CA1B-4C92-9BFD-B79BEF387951}.Debug|Any CPU.ActiveCfg = Debug|Any CPU
		{78121694-CA1B-4C92-9BFD-B79BEF387951}.Debug|Any CPU.Build.0 = Debug|Any CPU
		{78121694-CA1B-4C92-9BFD-B79BEF387951}.Release|Any CPU.ActiveCfg = Release|Any CPU
		{78121694-CA1B-4C92-9BFD-B79BEF387951}.Release|Any CPU.Build.0 = Release|Any CPU
		{C265FA26-CDF4-4CD9-A54A-C90660AD488C}.Debug|Any CPU.ActiveCfg = Debug|Any CPU
		{C265FA26-CDF4-4CD9-A54A-C90660AD488C}.Debug|Any CPU.Build.0 = Debug|Any CPU
		{C265FA26-CDF4-4CD9-A54A-C90660AD488C}.Release|Any CPU.ActiveCfg = Release|Any CPU
		{C265FA26-CDF4-4CD9-A54A-C90660AD488C}.Release|Any CPU.Build.0 = Release|Any CPU
		{9F7E8069-ABDD-490C-A0B7-0E3560899413}.Debug|Any CPU.ActiveCfg = Debug|Any CPU
		{9F7E8069-ABDD-490C-A0B7-0E3560899413}.Debug|Any CPU.Build.0 = Debug|Any CPU
		{9F7E8069-ABDD-490C-A0B7-0E3560899413}.Release|Any CPU.ActiveCfg = Release|Any CPU
		{9F7E8069-ABDD-490C-A0B7-0E3560899413}.Release|Any CPU.Build.0 = Release|Any CPU
	EndGlobalSection
	GlobalSection(SolutionProperties) = preSolution
		HideSolutionNode = FALSE
	EndGlobalSection
EndGlobal
