
Microsoft Visual Studio Solution File, Format Version 12.00
# Visual Studio 15
VisualStudioVersion = 15.0.26430.4
MinimumVisualStudioVersion = 10.0.40219.1
Project("{FAE04EC0-301F-11D3-BF4B-00C04F79EFBC}") = "_1_Ressurection30MIN", "_1_Ressurection\_1_Ressurection30MIN.csproj", "{79858334-136D-4633-956C-7EDB5B65DF28}"
EndProject
Project("{FAE04EC0-301F-11D3-BF4B-00C04F79EFBC}") = "_2_Icarus60MIN", "_2_Icarus\_2_Icarus60MIN.csproj", "{EF1E2413-8890-4152-8289-FCCB7866784D}"
EndProject
Project("{FAE04EC0-301F-11D3-BF4B-00C04F79EFBC}") = "Trial", "Trial\Trial.csproj", "{8CD008DD-82B8-4BD7-B3C8-EA80951A0C24}"
EndProject
Project("{FAE04EC0-301F-11D3-BF4B-00C04F79EFBC}") = "_4_Task60MIN", "_4_Task\_4_Task60MIN.csproj", "{C04B0D1F-3CDF-4EDD-9918-442EA8AC3DD2}"
EndProject
Project("{FAE04EC0-301F-11D3-BF4B-00C04F79EFBC}") = "_3_Task100MIN", "_3_Task\_3_Task100MIN.csproj", "{5E526D56-C706-43B1-A69C-C32BABBD1E69}"
EndProject
Global
	GlobalSection(SolutionConfigurationPlatforms) = preSolution
		Debug|Any CPU = Debug|Any CPU
		Release|Any CPU = Release|Any CPU
	EndGlobalSection
	GlobalSection(ProjectConfigurationPlatforms) = postSolution
		{79858334-136D-4633-956C-7EDB5B65DF28}.Debug|Any CPU.ActiveCfg = Debug|Any CPU
		{79858334-136D-4633-956C-7EDB5B65DF28}.Debug|Any CPU.Build.0 = Debug|Any CPU
		{79858334-136D-4633-956C-7EDB5B65DF28}.Release|Any CPU.ActiveCfg = Release|Any CPU
		{79858334-136D-4633-956C-7EDB5B65DF28}.Release|Any CPU.Build.0 = Release|Any CPU
		{EF1E2413-8890-4152-8289-FCCB7866784D}.Debug|Any CPU.ActiveCfg = Debug|Any CPU
		{EF1E2413-8890-4152-8289-FCCB7866784D}.Debug|Any CPU.Build.0 = Debug|Any CPU
		{EF1E2413-8890-4152-8289-FCCB7866784D}.Release|Any CPU.ActiveCfg = Release|Any CPU
		{EF1E2413-8890-4152-8289-FCCB7866784D}.Release|Any CPU.Build.0 = Release|Any CPU
		{8CD008DD-82B8-4BD7-B3C8-EA80951A0C24}.Debug|Any CPU.ActiveCfg = Debug|Any CPU
		{8CD008DD-82B8-4BD7-B3C8-EA80951A0C24}.Debug|Any CPU.Build.0 = Debug|Any CPU
		{8CD008DD-82B8-4BD7-B3C8-EA80951A0C24}.Release|Any CPU.ActiveCfg = Release|Any CPU
		{8CD008DD-82B8-4BD7-B3C8-EA80951A0C24}.Release|Any CPU.Build.0 = Release|Any CPU
		{C04B0D1F-3CDF-4EDD-9918-442EA8AC3DD2}.Debug|Any CPU.ActiveCfg = Debug|Any CPU
		{C04B0D1F-3CDF-4EDD-9918-442EA8AC3DD2}.Debug|Any CPU.Build.0 = Debug|Any CPU
		{C04B0D1F-3CDF-4EDD-9918-442EA8AC3DD2}.Release|Any CPU.ActiveCfg = Release|Any CPU
		{C04B0D1F-3CDF-4EDD-9918-442EA8AC3DD2}.Release|Any CPU.Build.0 = Release|Any CPU
		{5E526D56-C706-43B1-A69C-C32BABBD1E69}.Debug|Any CPU.ActiveCfg = Debug|Any CPU
		{5E526D56-C706-43B1-A69C-C32BABBD1E69}.Debug|Any CPU.Build.0 = Debug|Any CPU
		{5E526D56-C706-43B1-A69C-C32BABBD1E69}.Release|Any CPU.ActiveCfg = Release|Any CPU
		{5E526D56-C706-43B1-A69C-C32BABBD1E69}.Release|Any CPU.Build.0 = Release|Any CPU
	EndGlobalSection
	GlobalSection(SolutionProperties) = preSolution
		HideSolutionNode = FALSE
	EndGlobalSection
EndGlobal
