
Microsoft Visual Studio Solution File, Format Version 12.00
# Visual Studio 15
VisualStudioVersion = 15.0.26430.4
MinimumVisualStudioVersion = 10.0.40219.1
Project("{FAE04EC0-301F-11D3-BF4B-00C04F79EFBC}") = "ExamShedule01", "ExamShedule01\ExamShedule01.csproj", "{E54FD3EB-0945-4824-B607-E6CF24344C11}"
EndProject
Project("{FAE04EC0-301F-11D3-BF4B-00C04F79EFBC}") = "OddEvenElements02", "OddEvenElements02\OddEvenElements02.csproj", "{745B7031-5495-4D8F-994C-DB53D000833C}"
EndProject
Project("{FAE04EC0-301F-11D3-BF4B-00C04F79EFBC}") = "Arrow03", "Arrow03\Arrow03.csproj", "{07920B90-CD05-4E5F-B0E4-D329A96B092B}"
EndProject
Project("{FAE04EC0-301F-11D3-BF4B-00C04F79EFBC}") = "FiveSpecialLetters04", "FiveSpecialLetters04\FiveSpecialLetters04.csproj", "{EFB69E38-8581-49BE-A4FE-B34F3D123581}"
EndProject
Project("{FAE04EC0-301F-11D3-BF4B-00C04F79EFBC}") = "Trial", "Trial\Trial.csproj", "{9AC97419-37C8-459A-9A5A-83C85E7C9955}"
EndProject
Global
	GlobalSection(SolutionConfigurationPlatforms) = preSolution
		Debug|Any CPU = Debug|Any CPU
		Release|Any CPU = Release|Any CPU
	EndGlobalSection
	GlobalSection(ProjectConfigurationPlatforms) = postSolution
		{E54FD3EB-0945-4824-B607-E6CF24344C11}.Debug|Any CPU.ActiveCfg = Debug|Any CPU
		{E54FD3EB-0945-4824-B607-E6CF24344C11}.Debug|Any CPU.Build.0 = Debug|Any CPU
		{E54FD3EB-0945-4824-B607-E6CF24344C11}.Release|Any CPU.ActiveCfg = Release|Any CPU
		{E54FD3EB-0945-4824-B607-E6CF24344C11}.Release|Any CPU.Build.0 = Release|Any CPU
		{745B7031-5495-4D8F-994C-DB53D000833C}.Debug|Any CPU.ActiveCfg = Debug|Any CPU
		{745B7031-5495-4D8F-994C-DB53D000833C}.Debug|Any CPU.Build.0 = Debug|Any CPU
		{745B7031-5495-4D8F-994C-DB53D000833C}.Release|Any CPU.ActiveCfg = Release|Any CPU
		{745B7031-5495-4D8F-994C-DB53D000833C}.Release|Any CPU.Build.0 = Release|Any CPU
		{07920B90-CD05-4E5F-B0E4-D329A96B092B}.Debug|Any CPU.ActiveCfg = Debug|Any CPU
		{07920B90-CD05-4E5F-B0E4-D329A96B092B}.Debug|Any CPU.Build.0 = Debug|Any CPU
		{07920B90-CD05-4E5F-B0E4-D329A96B092B}.Release|Any CPU.ActiveCfg = Release|Any CPU
		{07920B90-CD05-4E5F-B0E4-D329A96B092B}.Release|Any CPU.Build.0 = Release|Any CPU
		{EFB69E38-8581-49BE-A4FE-B34F3D123581}.Debug|Any CPU.ActiveCfg = Debug|Any CPU
		{EFB69E38-8581-49BE-A4FE-B34F3D123581}.Debug|Any CPU.Build.0 = Debug|Any CPU
		{EFB69E38-8581-49BE-A4FE-B34F3D123581}.Release|Any CPU.ActiveCfg = Release|Any CPU
		{EFB69E38-8581-49BE-A4FE-B34F3D123581}.Release|Any CPU.Build.0 = Release|Any CPU
		{9AC97419-37C8-459A-9A5A-83C85E7C9955}.Debug|Any CPU.ActiveCfg = Debug|Any CPU
		{9AC97419-37C8-459A-9A5A-83C85E7C9955}.Debug|Any CPU.Build.0 = Debug|Any CPU
		{9AC97419-37C8-459A-9A5A-83C85E7C9955}.Release|Any CPU.ActiveCfg = Release|Any CPU
		{9AC97419-37C8-459A-9A5A-83C85E7C9955}.Release|Any CPU.Build.0 = Release|Any CPU
	EndGlobalSection
	GlobalSection(SolutionProperties) = preSolution
		HideSolutionNode = FALSE
	EndGlobalSection
EndGlobal
