
Microsoft Visual Studio Solution File, Format Version 12.00
# Visual Studio 15
VisualStudioVersion = 15.0.26430.4
MinimumVisualStudioVersion = 10.0.40219.1
Project("{FAE04EC0-301F-11D3-BF4B-00C04F79EFBC}") = "Task01ChooseADrink", "Task01ChooseADrink\Task01ChooseADrink.csproj", "{AF552E45-2275-4185-922D-9A4BCDDAC9D2}"
EndProject
Project("{FAE04EC0-301F-11D3-BF4B-00C04F79EFBC}") = "Task02ChooseADrink2", "Task02ChooseADrink2\Task02ChooseADrink2.csproj", "{2CA8918E-CDB6-439D-A686-31E0691ADB2A}"
EndProject
Project("{FAE04EC0-301F-11D3-BF4B-00C04F79EFBC}") = "Task03RestorauntDiscount", "Task03RestorauntDiscount\Task03RestorauntDiscount.csproj", "{37D33CFE-51C2-4C4E-8F92-DFED7D195D5C}"
EndProject
Project("{FAE04EC0-301F-11D3-BF4B-00C04F79EFBC}") = "Task04Hotel", "Task04Hotel\Task04Hotel.csproj", "{525E7B53-8582-4897-A199-0FCE278801DC}"
EndProject
Project("{FAE04EC0-301F-11D3-BF4B-00C04F79EFBC}") = "Task05WordInPlural", "Task05WordInPlural\Task05WordInPlural.csproj", "{2F3C18CE-2950-4B51-B15A-7AD28166A3E4}"
EndProject
Project("{FAE04EC0-301F-11D3-BF4B-00C04F79EFBC}") = "Task06IntervalOfNumbers", "Task06IntervalOfNumbers\Task06IntervalOfNumbers.csproj", "{4FCAF344-0D0D-4E23-83E6-E677C0949093}"
EndProject
Project("{FAE04EC0-301F-11D3-BF4B-00C04F79EFBC}") = "Task07CakeIngradients", "Task07CakeIngradients\Task07CakeIngradients.csproj", "{77FCB428-B443-47DD-A3A7-D509899B7955}"
EndProject
Project("{FAE04EC0-301F-11D3-BF4B-00C04F79EFBC}") = "Task08CaloriesCounter", "Task08CaloriesCounter\Task08CaloriesCounter.csproj", "{27FAC7A4-4430-49C9-8287-C2724448678A}"
EndProject
Project("{FAE04EC0-301F-11D3-BF4B-00C04F79EFBC}") = "Task09CountTheIntegers", "Task09CountTheIntegers\Task09CountTheIntegers.csproj", "{240DD9F3-B921-46CA-B25F-960213936D85}"
EndProject
Project("{FAE04EC0-301F-11D3-BF4B-00C04F79EFBC}") = "Task10TrinagleOfNumbers", "Task10TrinagleOfNumbers\Task10TrinagleOfNumbers.csproj", "{1B8AB7DA-B8CF-4118-ACFA-F81E653C23F1}"
EndProject
Project("{FAE04EC0-301F-11D3-BF4B-00C04F79EFBC}") = "Task11DifferentNumbers", "Task11DifferentNumbers\Task11DifferentNumbers.csproj", "{44EA4615-33DE-489B-9B86-B597CC1E8587}"
EndProject
Project("{FAE04EC0-301F-11D3-BF4B-00C04F79EFBC}") = "Task12TestNumbers", "Task12TestNumbers\Task12TestNumbers.csproj", "{83DFC8E6-1C64-4D6E-AEF3-1AA92C4B0B7C}"
EndProject
Project("{FAE04EC0-301F-11D3-BF4B-00C04F79EFBC}") = "Task13GameOfNumbers", "Task13GameOfNumbers\Task13GameOfNumbers.csproj", "{16C806C8-1585-4BFC-821C-C50D77CA3E58}"
EndProject
Project("{FAE04EC0-301F-11D3-BF4B-00C04F79EFBC}") = "Task14MagicLetter", "Task14MagicLetter\Task14MagicLetter.csproj", "{A4DF04A8-7534-4A44-9ECF-4594D6121B85}"
EndProject
Project("{FAE04EC0-301F-11D3-BF4B-00C04F79EFBC}") = "Task15NeighbourWars", "Task15NeighbourWars\Task15NeighbourWars.csproj", "{DACCE2AF-486D-4DA1-BF6F-F19C9154AE3A}"
EndProject
Global
	GlobalSection(SolutionConfigurationPlatforms) = preSolution
		Debug|Any CPU = Debug|Any CPU
		Release|Any CPU = Release|Any CPU
	EndGlobalSection
	GlobalSection(ProjectConfigurationPlatforms) = postSolution
		{AF552E45-2275-4185-922D-9A4BCDDAC9D2}.Debug|Any CPU.ActiveCfg = Debug|Any CPU
		{AF552E45-2275-4185-922D-9A4BCDDAC9D2}.Debug|Any CPU.Build.0 = Debug|Any CPU
		{AF552E45-2275-4185-922D-9A4BCDDAC9D2}.Release|Any CPU.ActiveCfg = Release|Any CPU
		{AF552E45-2275-4185-922D-9A4BCDDAC9D2}.Release|Any CPU.Build.0 = Release|Any CPU
		{2CA8918E-CDB6-439D-A686-31E0691ADB2A}.Debug|Any CPU.ActiveCfg = Debug|Any CPU
		{2CA8918E-CDB6-439D-A686-31E0691ADB2A}.Debug|Any CPU.Build.0 = Debug|Any CPU
		{2CA8918E-CDB6-439D-A686-31E0691ADB2A}.Release|Any CPU.ActiveCfg = Release|Any CPU
		{2CA8918E-CDB6-439D-A686-31E0691ADB2A}.Release|Any CPU.Build.0 = Release|Any CPU
		{37D33CFE-51C2-4C4E-8F92-DFED7D195D5C}.Debug|Any CPU.ActiveCfg = Debug|Any CPU
		{37D33CFE-51C2-4C4E-8F92-DFED7D195D5C}.Debug|Any CPU.Build.0 = Debug|Any CPU
		{37D33CFE-51C2-4C4E-8F92-DFED7D195D5C}.Release|Any CPU.ActiveCfg = Release|Any CPU
		{37D33CFE-51C2-4C4E-8F92-DFED7D195D5C}.Release|Any CPU.Build.0 = Release|Any CPU
		{525E7B53-8582-4897-A199-0FCE278801DC}.Debug|Any CPU.ActiveCfg = Debug|Any CPU
		{525E7B53-8582-4897-A199-0FCE278801DC}.Debug|Any CPU.Build.0 = Debug|Any CPU
		{525E7B53-8582-4897-A199-0FCE278801DC}.Release|Any CPU.ActiveCfg = Release|Any CPU
		{525E7B53-8582-4897-A199-0FCE278801DC}.Release|Any CPU.Build.0 = Release|Any CPU
		{2F3C18CE-2950-4B51-B15A-7AD28166A3E4}.Debug|Any CPU.ActiveCfg = Debug|Any CPU
		{2F3C18CE-2950-4B51-B15A-7AD28166A3E4}.Debug|Any CPU.Build.0 = Debug|Any CPU
		{2F3C18CE-2950-4B51-B15A-7AD28166A3E4}.Release|Any CPU.ActiveCfg = Release|Any CPU
		{2F3C18CE-2950-4B51-B15A-7AD28166A3E4}.Release|Any CPU.Build.0 = Release|Any CPU
		{4FCAF344-0D0D-4E23-83E6-E677C0949093}.Debug|Any CPU.ActiveCfg = Debug|Any CPU
		{4FCAF344-0D0D-4E23-83E6-E677C0949093}.Debug|Any CPU.Build.0 = Debug|Any CPU
		{4FCAF344-0D0D-4E23-83E6-E677C0949093}.Release|Any CPU.ActiveCfg = Release|Any CPU
		{4FCAF344-0D0D-4E23-83E6-E677C0949093}.Release|Any CPU.Build.0 = Release|Any CPU
		{77FCB428-B443-47DD-A3A7-D509899B7955}.Debug|Any CPU.ActiveCfg = Debug|Any CPU
		{77FCB428-B443-47DD-A3A7-D509899B7955}.Debug|Any CPU.Build.0 = Debug|Any CPU
		{77FCB428-B443-47DD-A3A7-D509899B7955}.Release|Any CPU.ActiveCfg = Release|Any CPU
		{77FCB428-B443-47DD-A3A7-D509899B7955}.Release|Any CPU.Build.0 = Release|Any CPU
		{27FAC7A4-4430-49C9-8287-C2724448678A}.Debug|Any CPU.ActiveCfg = Debug|Any CPU
		{27FAC7A4-4430-49C9-8287-C2724448678A}.Debug|Any CPU.Build.0 = Debug|Any CPU
		{27FAC7A4-4430-49C9-8287-C2724448678A}.Release|Any CPU.ActiveCfg = Release|Any CPU
		{27FAC7A4-4430-49C9-8287-C2724448678A}.Release|Any CPU.Build.0 = Release|Any CPU
		{240DD9F3-B921-46CA-B25F-960213936D85}.Debug|Any CPU.ActiveCfg = Debug|Any CPU
		{240DD9F3-B921-46CA-B25F-960213936D85}.Debug|Any CPU.Build.0 = Debug|Any CPU
		{240DD9F3-B921-46CA-B25F-960213936D85}.Release|Any CPU.ActiveCfg = Release|Any CPU
		{240DD9F3-B921-46CA-B25F-960213936D85}.Release|Any CPU.Build.0 = Release|Any CPU
		{1B8AB7DA-B8CF-4118-ACFA-F81E653C23F1}.Debug|Any CPU.ActiveCfg = Debug|Any CPU
		{1B8AB7DA-B8CF-4118-ACFA-F81E653C23F1}.Debug|Any CPU.Build.0 = Debug|Any CPU
		{1B8AB7DA-B8CF-4118-ACFA-F81E653C23F1}.Release|Any CPU.ActiveCfg = Release|Any CPU
		{1B8AB7DA-B8CF-4118-ACFA-F81E653C23F1}.Release|Any CPU.Build.0 = Release|Any CPU
		{44EA4615-33DE-489B-9B86-B597CC1E8587}.Debug|Any CPU.ActiveCfg = Debug|Any CPU
		{44EA4615-33DE-489B-9B86-B597CC1E8587}.Debug|Any CPU.Build.0 = Debug|Any CPU
		{44EA4615-33DE-489B-9B86-B597CC1E8587}.Release|Any CPU.ActiveCfg = Release|Any CPU
		{44EA4615-33DE-489B-9B86-B597CC1E8587}.Release|Any CPU.Build.0 = Release|Any CPU
		{83DFC8E6-1C64-4D6E-AEF3-1AA92C4B0B7C}.Debug|Any CPU.ActiveCfg = Debug|Any CPU
		{83DFC8E6-1C64-4D6E-AEF3-1AA92C4B0B7C}.Debug|Any CPU.Build.0 = Debug|Any CPU
		{83DFC8E6-1C64-4D6E-AEF3-1AA92C4B0B7C}.Release|Any CPU.ActiveCfg = Release|Any CPU
		{83DFC8E6-1C64-4D6E-AEF3-1AA92C4B0B7C}.Release|Any CPU.Build.0 = Release|Any CPU
		{16C806C8-1585-4BFC-821C-C50D77CA3E58}.Debug|Any CPU.ActiveCfg = Debug|Any CPU
		{16C806C8-1585-4BFC-821C-C50D77CA3E58}.Debug|Any CPU.Build.0 = Debug|Any CPU
		{16C806C8-1585-4BFC-821C-C50D77CA3E58}.Release|Any CPU.ActiveCfg = Release|Any CPU
		{16C806C8-1585-4BFC-821C-C50D77CA3E58}.Release|Any CPU.Build.0 = Release|Any CPU
		{A4DF04A8-7534-4A44-9ECF-4594D6121B85}.Debug|Any CPU.ActiveCfg = Debug|Any CPU
		{A4DF04A8-7534-4A44-9ECF-4594D6121B85}.Debug|Any CPU.Build.0 = Debug|Any CPU
		{A4DF04A8-7534-4A44-9ECF-4594D6121B85}.Release|Any CPU.ActiveCfg = Release|Any CPU
		{A4DF04A8-7534-4A44-9ECF-4594D6121B85}.Release|Any CPU.Build.0 = Release|Any CPU
		{DACCE2AF-486D-4DA1-BF6F-F19C9154AE3A}.Debug|Any CPU.ActiveCfg = Debug|Any CPU
		{DACCE2AF-486D-4DA1-BF6F-F19C9154AE3A}.Debug|Any CPU.Build.0 = Debug|Any CPU
		{DACCE2AF-486D-4DA1-BF6F-F19C9154AE3A}.Release|Any CPU.ActiveCfg = Release|Any CPU
		{DACCE2AF-486D-4DA1-BF6F-F19C9154AE3A}.Release|Any CPU.Build.0 = Release|Any CPU
	EndGlobalSection
	GlobalSection(SolutionProperties) = preSolution
		HideSolutionNode = FALSE
	EndGlobalSection
EndGlobal
