
Microsoft Visual Studio Solution File, Format Version 12.00
# Visual Studio 15
VisualStudioVersion = 15.0.26430.4
MinimumVisualStudioVersion = 10.0.40219.1
Project("{FAE04EC0-301F-11D3-BF4B-00C04F79EFBC}") = "Task01CountWorkingDays", "Task01CountWorkingDays\Task01CountWorkingDays.csproj", "{70419929-FBB7-48AA-8B52-403C5C24DDF5}"
EndProject
Project("{FAE04EC0-301F-11D3-BF4B-00C04F79EFBC}") = "Task02AdvertisementMessage", "Task02AdvertisementMessage\Task02AdvertisementMessage.csproj", "{57F2D572-0DBE-4DB9-94D7-F277FBF99F06}"
EndProject
Project("{FAE04EC0-301F-11D3-BF4B-00C04F79EFBC}") = "Task03CirclesIntersection", "Task03CirclesIntersection\Task03CirclesIntersection.csproj", "{99ADFF6D-93E1-4BBB-A500-41CD8FD2E1CF}"
EndProject
Project("{FAE04EC0-301F-11D3-BF4B-00C04F79EFBC}") = "Task04AverageGrades", "Task04AverageGrades\Task04AverageGrades.csproj", "{22BC7D30-75DF-4019-B664-A6BEB3F48F28}"
EndProject
Project("{FAE04EC0-301F-11D3-BF4B-00C04F79EFBC}") = "Task05BookLibrary", "Task05BookLibrary\Task05BookLibrary.csproj", "{E9191D3A-4E7B-4B73-A038-F3262B90BC8A}"
EndProject
Project("{FAE04EC0-301F-11D3-BF4B-00C04F79EFBC}") = "Task06BookLibraryModification", "Task06BookLibraryModification\Task06BookLibraryModification.csproj", "{564E6491-40B8-4D5F-8DB5-DF14689CF7A9}"
EndProject
Project("{FAE04EC0-301F-11D3-BF4B-00C04F79EFBC}") = "Task07AndreyAndBilliard", "Task07AndreyAndBilliard\Task07AndreyAndBilliard.csproj", "{B2031B50-92CD-412A-90E7-5E0BCD9816EB}"
EndProject
Project("{FAE04EC0-301F-11D3-BF4B-00C04F79EFBC}") = "Task08MentorGroup", "Task08MentorGroup\Task08MentorGroup.csproj", "{FD9ACEE3-44C7-49D0-9224-BFCF22A6B0E2}"
EndProject
Project("{FAE04EC0-301F-11D3-BF4B-00C04F79EFBC}") = "Task09TeamworkProjects", "Task09TeamworkProjects\Task09TeamworkProjects.csproj", "{7859E437-E929-4232-AE35-3AD22FF11B0F}"
EndProject
Project("{FAE04EC0-301F-11D3-BF4B-00C04F79EFBC}") = "Task10StudentGroups", "Task10StudentGroups\Task10StudentGroups.csproj", "{92179A07-E215-4206-BEC4-EA8D154D2BB4}"
EndProject
Project("{FAE04EC0-301F-11D3-BF4B-00C04F79EFBC}") = "Trial", "Trial\Trial.csproj", "{3C8F584C-A1C1-41E4-8DE4-B8C218ABAB3C}"
EndProject
Global
	GlobalSection(SolutionConfigurationPlatforms) = preSolution
		Debug|Any CPU = Debug|Any CPU
		Release|Any CPU = Release|Any CPU
	EndGlobalSection
	GlobalSection(ProjectConfigurationPlatforms) = postSolution
		{70419929-FBB7-48AA-8B52-403C5C24DDF5}.Debug|Any CPU.ActiveCfg = Debug|Any CPU
		{70419929-FBB7-48AA-8B52-403C5C24DDF5}.Debug|Any CPU.Build.0 = Debug|Any CPU
		{70419929-FBB7-48AA-8B52-403C5C24DDF5}.Release|Any CPU.ActiveCfg = Release|Any CPU
		{70419929-FBB7-48AA-8B52-403C5C24DDF5}.Release|Any CPU.Build.0 = Release|Any CPU
		{57F2D572-0DBE-4DB9-94D7-F277FBF99F06}.Debug|Any CPU.ActiveCfg = Debug|Any CPU
		{57F2D572-0DBE-4DB9-94D7-F277FBF99F06}.Debug|Any CPU.Build.0 = Debug|Any CPU
		{57F2D572-0DBE-4DB9-94D7-F277FBF99F06}.Release|Any CPU.ActiveCfg = Release|Any CPU
		{57F2D572-0DBE-4DB9-94D7-F277FBF99F06}.Release|Any CPU.Build.0 = Release|Any CPU
		{99ADFF6D-93E1-4BBB-A500-41CD8FD2E1CF}.Debug|Any CPU.ActiveCfg = Debug|Any CPU
		{99ADFF6D-93E1-4BBB-A500-41CD8FD2E1CF}.Debug|Any CPU.Build.0 = Debug|Any CPU
		{99ADFF6D-93E1-4BBB-A500-41CD8FD2E1CF}.Release|Any CPU.ActiveCfg = Release|Any CPU
		{99ADFF6D-93E1-4BBB-A500-41CD8FD2E1CF}.Release|Any CPU.Build.0 = Release|Any CPU
		{22BC7D30-75DF-4019-B664-A6BEB3F48F28}.Debug|Any CPU.ActiveCfg = Debug|Any CPU
		{22BC7D30-75DF-4019-B664-A6BEB3F48F28}.Debug|Any CPU.Build.0 = Debug|Any CPU
		{22BC7D30-75DF-4019-B664-A6BEB3F48F28}.Release|Any CPU.ActiveCfg = Release|Any CPU
		{22BC7D30-75DF-4019-B664-A6BEB3F48F28}.Release|Any CPU.Build.0 = Release|Any CPU
		{E9191D3A-4E7B-4B73-A038-F3262B90BC8A}.Debug|Any CPU.ActiveCfg = Debug|Any CPU
		{E9191D3A-4E7B-4B73-A038-F3262B90BC8A}.Debug|Any CPU.Build.0 = Debug|Any CPU
		{E9191D3A-4E7B-4B73-A038-F3262B90BC8A}.Release|Any CPU.ActiveCfg = Release|Any CPU
		{E9191D3A-4E7B-4B73-A038-F3262B90BC8A}.Release|Any CPU.Build.0 = Release|Any CPU
		{564E6491-40B8-4D5F-8DB5-DF14689CF7A9}.Debug|Any CPU.ActiveCfg = Debug|Any CPU
		{564E6491-40B8-4D5F-8DB5-DF14689CF7A9}.Debug|Any CPU.Build.0 = Debug|Any CPU
		{564E6491-40B8-4D5F-8DB5-DF14689CF7A9}.Release|Any CPU.ActiveCfg = Release|Any CPU
		{564E6491-40B8-4D5F-8DB5-DF14689CF7A9}.Release|Any CPU.Build.0 = Release|Any CPU
		{B2031B50-92CD-412A-90E7-5E0BCD9816EB}.Debug|Any CPU.ActiveCfg = Debug|Any CPU
		{B2031B50-92CD-412A-90E7-5E0BCD9816EB}.Debug|Any CPU.Build.0 = Debug|Any CPU
		{B2031B50-92CD-412A-90E7-5E0BCD9816EB}.Release|Any CPU.ActiveCfg = Release|Any CPU
		{B2031B50-92CD-412A-90E7-5E0BCD9816EB}.Release|Any CPU.Build.0 = Release|Any CPU
		{FD9ACEE3-44C7-49D0-9224-BFCF22A6B0E2}.Debug|Any CPU.ActiveCfg = Debug|Any CPU
		{FD9ACEE3-44C7-49D0-9224-BFCF22A6B0E2}.Debug|Any CPU.Build.0 = Debug|Any CPU
		{FD9ACEE3-44C7-49D0-9224-BFCF22A6B0E2}.Release|Any CPU.ActiveCfg = Release|Any CPU
		{FD9ACEE3-44C7-49D0-9224-BFCF22A6B0E2}.Release|Any CPU.Build.0 = Release|Any CPU
		{7859E437-E929-4232-AE35-3AD22FF11B0F}.Debug|Any CPU.ActiveCfg = Debug|Any CPU
		{7859E437-E929-4232-AE35-3AD22FF11B0F}.Debug|Any CPU.Build.0 = Debug|Any CPU
		{7859E437-E929-4232-AE35-3AD22FF11B0F}.Release|Any CPU.ActiveCfg = Release|Any CPU
		{7859E437-E929-4232-AE35-3AD22FF11B0F}.Release|Any CPU.Build.0 = Release|Any CPU
		{92179A07-E215-4206-BEC4-EA8D154D2BB4}.Debug|Any CPU.ActiveCfg = Debug|Any CPU
		{92179A07-E215-4206-BEC4-EA8D154D2BB4}.Debug|Any CPU.Build.0 = Debug|Any CPU
		{92179A07-E215-4206-BEC4-EA8D154D2BB4}.Release|Any CPU.ActiveCfg = Release|Any CPU
		{92179A07-E215-4206-BEC4-EA8D154D2BB4}.Release|Any CPU.Build.0 = Release|Any CPU
		{3C8F584C-A1C1-41E4-8DE4-B8C218ABAB3C}.Debug|Any CPU.ActiveCfg = Debug|Any CPU
		{3C8F584C-A1C1-41E4-8DE4-B8C218ABAB3C}.Debug|Any CPU.Build.0 = Debug|Any CPU
		{3C8F584C-A1C1-41E4-8DE4-B8C218ABAB3C}.Release|Any CPU.ActiveCfg = Release|Any CPU
		{3C8F584C-A1C1-41E4-8DE4-B8C218ABAB3C}.Release|Any CPU.Build.0 = Release|Any CPU
	EndGlobalSection
	GlobalSection(SolutionProperties) = preSolution
		HideSolutionNode = FALSE
	EndGlobalSection
EndGlobal
