
Microsoft Visual Studio Solution File, Format Version 12.00
# Visual Studio 15
VisualStudioVersion = 15.0.26430.4
MinimumVisualStudioVersion = 10.0.40219.1
Project("{FAE04EC0-301F-11D3-BF4B-00C04F79EFBC}") = "_1_FindTheLetter", "_1_FindTheLetter\_1_FindTheLetter.csproj", "{CD1E36A2-7093-41C2-92D9-85D7B91469D3}"
EndProject
Project("{FAE04EC0-301F-11D3-BF4B-00C04F79EFBC}") = "_2_PlaceHolders", "_2_PlaceHolders\_2_PlaceHolders.csproj", "{CE9BB2DC-E33A-4340-9689-CD9F12B5CDEB}"
EndProject
Project("{FAE04EC0-301F-11D3-BF4B-00C04F79EFBC}") = "_3_JSONStringify", "_3_JSONStringify\_3_JSONStringify.csproj", "{797085D6-F9A3-409C-8337-72555071831D}"
EndProject
Project("{FAE04EC0-301F-11D3-BF4B-00C04F79EFBC}") = "_5_Products", "..\..\FilesAndExceptions\FileAndExceptionsMoreExersises\_5_Products\_5_Products.csproj", "{5AEE17C0-5888-4F98-837A-FBC97A61DB10}"
EndProject
Project("{FAE04EC0-301F-11D3-BF4B-00C04F79EFBC}") = "trial", "trial\trial.csproj", "{853DAEC8-79A5-4DFB-BFB1-3B9FD7CC15DF}"
EndProject
Project("{FAE04EC0-301F-11D3-BF4B-00C04F79EFBC}") = "_4_JSONParse", "_4_JSONParse\_4_JSONParse.csproj", "{3F0D5023-7BE0-4A8B-8BB6-3FBA20DD55B1}"
EndProject
Project("{FAE04EC0-301F-11D3-BF4B-00C04F79EFBC}") = "_5_PointsCounter", "_5_PointsCounter\_5_PointsCounter.csproj", "{E6C74D88-B4B3-4EE6-9638-1CE1A375B2ED}"
EndProject
Project("{FAE04EC0-301F-11D3-BF4B-00C04F79EFBC}") = "_5_SentenceSplit", "_5_SentenceSplit\_5_SentenceSplit.csproj", "{6D1B052E-FEAA-403F-A95A-8B0BB1D19DE6}"
EndProject
Project("{FAE04EC0-301F-11D3-BF4B-00C04F79EFBC}") = "_6_CapitalizeWords", "_6_CapitalizeWords\_6_CapitalizeWords.csproj", "{84900A7D-E42C-4CA1-A104-4F321DDFEACA}"
EndProject
Global
	GlobalSection(SolutionConfigurationPlatforms) = preSolution
		Debug|Any CPU = Debug|Any CPU
		Release|Any CPU = Release|Any CPU
	EndGlobalSection
	GlobalSection(ProjectConfigurationPlatforms) = postSolution
		{CD1E36A2-7093-41C2-92D9-85D7B91469D3}.Debug|Any CPU.ActiveCfg = Debug|Any CPU
		{CD1E36A2-7093-41C2-92D9-85D7B91469D3}.Debug|Any CPU.Build.0 = Debug|Any CPU
		{CD1E36A2-7093-41C2-92D9-85D7B91469D3}.Release|Any CPU.ActiveCfg = Release|Any CPU
		{CD1E36A2-7093-41C2-92D9-85D7B91469D3}.Release|Any CPU.Build.0 = Release|Any CPU
		{CE9BB2DC-E33A-4340-9689-CD9F12B5CDEB}.Debug|Any CPU.ActiveCfg = Debug|Any CPU
		{CE9BB2DC-E33A-4340-9689-CD9F12B5CDEB}.Debug|Any CPU.Build.0 = Debug|Any CPU
		{CE9BB2DC-E33A-4340-9689-CD9F12B5CDEB}.Release|Any CPU.ActiveCfg = Release|Any CPU
		{CE9BB2DC-E33A-4340-9689-CD9F12B5CDEB}.Release|Any CPU.Build.0 = Release|Any CPU
		{797085D6-F9A3-409C-8337-72555071831D}.Debug|Any CPU.ActiveCfg = Debug|Any CPU
		{797085D6-F9A3-409C-8337-72555071831D}.Debug|Any CPU.Build.0 = Debug|Any CPU
		{797085D6-F9A3-409C-8337-72555071831D}.Release|Any CPU.ActiveCfg = Release|Any CPU
		{797085D6-F9A3-409C-8337-72555071831D}.Release|Any CPU.Build.0 = Release|Any CPU
		{5AEE17C0-5888-4F98-837A-FBC97A61DB10}.Debug|Any CPU.ActiveCfg = Debug|Any CPU
		{5AEE17C0-5888-4F98-837A-FBC97A61DB10}.Debug|Any CPU.Build.0 = Debug|Any CPU
		{5AEE17C0-5888-4F98-837A-FBC97A61DB10}.Release|Any CPU.ActiveCfg = Release|Any CPU
		{5AEE17C0-5888-4F98-837A-FBC97A61DB10}.Release|Any CPU.Build.0 = Release|Any CPU
		{853DAEC8-79A5-4DFB-BFB1-3B9FD7CC15DF}.Debug|Any CPU.ActiveCfg = Debug|Any CPU
		{853DAEC8-79A5-4DFB-BFB1-3B9FD7CC15DF}.Debug|Any CPU.Build.0 = Debug|Any CPU
		{853DAEC8-79A5-4DFB-BFB1-3B9FD7CC15DF}.Release|Any CPU.ActiveCfg = Release|Any CPU
		{853DAEC8-79A5-4DFB-BFB1-3B9FD7CC15DF}.Release|Any CPU.Build.0 = Release|Any CPU
		{3F0D5023-7BE0-4A8B-8BB6-3FBA20DD55B1}.Debug|Any CPU.ActiveCfg = Debug|Any CPU
		{3F0D5023-7BE0-4A8B-8BB6-3FBA20DD55B1}.Debug|Any CPU.Build.0 = Debug|Any CPU
		{3F0D5023-7BE0-4A8B-8BB6-3FBA20DD55B1}.Release|Any CPU.ActiveCfg = Release|Any CPU
		{3F0D5023-7BE0-4A8B-8BB6-3FBA20DD55B1}.Release|Any CPU.Build.0 = Release|Any CPU
		{E6C74D88-B4B3-4EE6-9638-1CE1A375B2ED}.Debug|Any CPU.ActiveCfg = Debug|Any CPU
		{E6C74D88-B4B3-4EE6-9638-1CE1A375B2ED}.Debug|Any CPU.Build.0 = Debug|Any CPU
		{E6C74D88-B4B3-4EE6-9638-1CE1A375B2ED}.Release|Any CPU.ActiveCfg = Release|Any CPU
		{E6C74D88-B4B3-4EE6-9638-1CE1A375B2ED}.Release|Any CPU.Build.0 = Release|Any CPU
		{6D1B052E-FEAA-403F-A95A-8B0BB1D19DE6}.Debug|Any CPU.ActiveCfg = Debug|Any CPU
		{6D1B052E-FEAA-403F-A95A-8B0BB1D19DE6}.Debug|Any CPU.Build.0 = Debug|Any CPU
		{6D1B052E-FEAA-403F-A95A-8B0BB1D19DE6}.Release|Any CPU.ActiveCfg = Release|Any CPU
		{6D1B052E-FEAA-403F-A95A-8B0BB1D19DE6}.Release|Any CPU.Build.0 = Release|Any CPU
		{84900A7D-E42C-4CA1-A104-4F321DDFEACA}.Debug|Any CPU.ActiveCfg = Debug|Any CPU
		{84900A7D-E42C-4CA1-A104-4F321DDFEACA}.Debug|Any CPU.Build.0 = Debug|Any CPU
		{84900A7D-E42C-4CA1-A104-4F321DDFEACA}.Release|Any CPU.ActiveCfg = Release|Any CPU
		{84900A7D-E42C-4CA1-A104-4F321DDFEACA}.Release|Any CPU.Build.0 = Release|Any CPU
	EndGlobalSection
	GlobalSection(SolutionProperties) = preSolution
		HideSolutionNode = FALSE
	EndGlobalSection
EndGlobal
