
Microsoft Visual Studio Solution File, Format Version 12.00
# Visual Studio 15
VisualStudioVersion = 15.0.26430.4
MinimumVisualStudioVersion = 10.0.40219.1
Project("{FAE04EC0-301F-11D3-BF4B-00C04F79EFBC}") = "PerferctGirlfriend01", "OldExamPreparation1\PerferctGirlfriend01.csproj", "{932EE3CC-33FF-4FFF-B9BE-B3AB7071BD1E}"
EndProject
Project("{FAE04EC0-301F-11D3-BF4B-00C04F79EFBC}") = "trial", "trial\trial.csproj", "{6430273B-F164-4738-BBA6-F63086270426}"
EndProject
Project("{FAE04EC0-301F-11D3-BF4B-00C04F79EFBC}") = "LocalElections03", "LocalElections03\LocalElections03.csproj", "{37C91316-D2FA-49DB-9982-9B6568E3AD29}"
EndProject
Global
	GlobalSection(SolutionConfigurationPlatforms) = preSolution
		Debug|Any CPU = Debug|Any CPU
		Release|Any CPU = Release|Any CPU
	EndGlobalSection
	GlobalSection(ProjectConfigurationPlatforms) = postSolution
		{932EE3CC-33FF-4FFF-B9BE-B3AB7071BD1E}.Debug|Any CPU.ActiveCfg = Debug|Any CPU
		{932EE3CC-33FF-4FFF-B9BE-B3AB7071BD1E}.Debug|Any CPU.Build.0 = Debug|Any CPU
		{932EE3CC-33FF-4FFF-B9BE-B3AB7071BD1E}.Release|Any CPU.ActiveCfg = Release|Any CPU
		{932EE3CC-33FF-4FFF-B9BE-B3AB7071BD1E}.Release|Any CPU.Build.0 = Release|Any CPU
		{6430273B-F164-4738-BBA6-F63086270426}.Debug|Any CPU.ActiveCfg = Debug|Any CPU
		{6430273B-F164-4738-BBA6-F63086270426}.Debug|Any CPU.Build.0 = Debug|Any CPU
		{6430273B-F164-4738-BBA6-F63086270426}.Release|Any CPU.ActiveCfg = Release|Any CPU
		{6430273B-F164-4738-BBA6-F63086270426}.Release|Any CPU.Build.0 = Release|Any CPU
		{37C91316-D2FA-49DB-9982-9B6568E3AD29}.Debug|Any CPU.ActiveCfg = Debug|Any CPU
		{37C91316-D2FA-49DB-9982-9B6568E3AD29}.Debug|Any CPU.Build.0 = Debug|Any CPU
		{37C91316-D2FA-49DB-9982-9B6568E3AD29}.Release|Any CPU.ActiveCfg = Release|Any CPU
		{37C91316-D2FA-49DB-9982-9B6568E3AD29}.Release|Any CPU.Build.0 = Release|Any CPU
	EndGlobalSection
	GlobalSection(SolutionProperties) = preSolution
		HideSolutionNode = FALSE
	EndGlobalSection
EndGlobal
