
Microsoft Visual Studio Solution File, Format Version 12.00
# Visual Studio 15
VisualStudioVersion = 15.0.26430.4
MinimumVisualStudioVersion = 10.0.40219.1
Project("{FAE04EC0-301F-11D3-BF4B-00C04F79EFBC}") = "Syntax", "Syntax\Syntax.csproj", "{DF9ADA6F-FAE7-471E-AD70-F412C4C79CB9}"
EndProject
Project("{FAE04EC0-301F-11D3-BF4B-00C04F79EFBC}") = "_1_ReverseString", "_1_ReverseString\_1_ReverseString.csproj", "{45B805AD-7F99-49CF-A558-71E990E27F58}"
EndProject
Project("{FAE04EC0-301F-11D3-BF4B-00C04F79EFBC}") = "_1_CountSubstringOccurrences", "_1_CountSubstringOccurrences\_1_CountSubstringOccurrences.csproj", "{65D4220F-97C3-427D-8B7D-0F93718E0395}"
EndProject
Project("{FAE04EC0-301F-11D3-BF4B-00C04F79EFBC}") = "_3_TextFilter", "_3_TextFilter\_3_TextFilter.csproj", "{68CE88D7-88FF-4450-897C-19266C64D6B3}"
EndProject
Project("{FAE04EC0-301F-11D3-BF4B-00C04F79EFBC}") = "_4_Palindromes", "_4_Palindromes\_4_Palindromes.csproj", "{F2C8AE4F-AD48-4B39-AFB2-03C3F0490735}"
EndProject
Project("{FAE04EC0-301F-11D3-BF4B-00C04F79EFBC}") = "Trail", "Trail\Trail.csproj", "{0B7DC339-87CD-40DC-B400-FBE2310D4B2A}"
EndProject
Global
	GlobalSection(SolutionConfigurationPlatforms) = preSolution
		Debug|Any CPU = Debug|Any CPU
		Release|Any CPU = Release|Any CPU
	EndGlobalSection
	GlobalSection(ProjectConfigurationPlatforms) = postSolution
		{DF9ADA6F-FAE7-471E-AD70-F412C4C79CB9}.Debug|Any CPU.ActiveCfg = Debug|Any CPU
		{DF9ADA6F-FAE7-471E-AD70-F412C4C79CB9}.Debug|Any CPU.Build.0 = Debug|Any CPU
		{DF9ADA6F-FAE7-471E-AD70-F412C4C79CB9}.Release|Any CPU.ActiveCfg = Release|Any CPU
		{DF9ADA6F-FAE7-471E-AD70-F412C4C79CB9}.Release|Any CPU.Build.0 = Release|Any CPU
		{45B805AD-7F99-49CF-A558-71E990E27F58}.Debug|Any CPU.ActiveCfg = Debug|Any CPU
		{45B805AD-7F99-49CF-A558-71E990E27F58}.Debug|Any CPU.Build.0 = Debug|Any CPU
		{45B805AD-7F99-49CF-A558-71E990E27F58}.Release|Any CPU.ActiveCfg = Release|Any CPU
		{45B805AD-7F99-49CF-A558-71E990E27F58}.Release|Any CPU.Build.0 = Release|Any CPU
		{65D4220F-97C3-427D-8B7D-0F93718E0395}.Debug|Any CPU.ActiveCfg = Debug|Any CPU
		{65D4220F-97C3-427D-8B7D-0F93718E0395}.Debug|Any CPU.Build.0 = Debug|Any CPU
		{65D4220F-97C3-427D-8B7D-0F93718E0395}.Release|Any CPU.ActiveCfg = Release|Any CPU
		{65D4220F-97C3-427D-8B7D-0F93718E0395}.Release|Any CPU.Build.0 = Release|Any CPU
		{68CE88D7-88FF-4450-897C-19266C64D6B3}.Debug|Any CPU.ActiveCfg = Debug|Any CPU
		{68CE88D7-88FF-4450-897C-19266C64D6B3}.Debug|Any CPU.Build.0 = Debug|Any CPU
		{68CE88D7-88FF-4450-897C-19266C64D6B3}.Release|Any CPU.ActiveCfg = Release|Any CPU
		{68CE88D7-88FF-4450-897C-19266C64D6B3}.Release|Any CPU.Build.0 = Release|Any CPU
		{F2C8AE4F-AD48-4B39-AFB2-03C3F0490735}.Debug|Any CPU.ActiveCfg = Debug|Any CPU
		{F2C8AE4F-AD48-4B39-AFB2-03C3F0490735}.Debug|Any CPU.Build.0 = Debug|Any CPU
		{F2C8AE4F-AD48-4B39-AFB2-03C3F0490735}.Release|Any CPU.ActiveCfg = Release|Any CPU
		{F2C8AE4F-AD48-4B39-AFB2-03C3F0490735}.Release|Any CPU.Build.0 = Release|Any CPU
		{0B7DC339-87CD-40DC-B400-FBE2310D4B2A}.Debug|Any CPU.ActiveCfg = Debug|Any CPU
		{0B7DC339-87CD-40DC-B400-FBE2310D4B2A}.Debug|Any CPU.Build.0 = Debug|Any CPU
		{0B7DC339-87CD-40DC-B400-FBE2310D4B2A}.Release|Any CPU.ActiveCfg = Release|Any CPU
		{0B7DC339-87CD-40DC-B400-FBE2310D4B2A}.Release|Any CPU.Build.0 = Release|Any CPU
	EndGlobalSection
	GlobalSection(SolutionProperties) = preSolution
		HideSolutionNode = FALSE
	EndGlobalSection
EndGlobal
