
Microsoft Visual Studio Solution File, Format Version 12.00
# Visual Studio 15
VisualStudioVersion = 15.0.26430.4
MinimumVisualStudioVersion = 10.0.40219.1
Project("{FAE04EC0-301F-11D3-BF4B-00C04F79EFBC}") = "HelloName01", "HelloName01\HelloName01.csproj", "{DCBA7469-135A-450A-9826-2DFF9D662EBD}"
EndProject
Project("{FAE04EC0-301F-11D3-BF4B-00C04F79EFBC}") = "MinMethod02", "MinMethod02\MinMethod02.csproj", "{F03AEE2D-46FC-4E99-BEF2-235E03A3B297}"
EndProject
Project("{FAE04EC0-301F-11D3-BF4B-00C04F79EFBC}") = "ReturnString03", "ReturnString03\ReturnString03.csproj", "{E04054E1-7D93-484E-B0BB-127C58A69B7C}"
EndProject
Project("{FAE04EC0-301F-11D3-BF4B-00C04F79EFBC}") = "NthDigit04", "NthDigit04\NthDigit04.csproj", "{001CBB0E-EAB9-4186-86BC-16116AA736E2}"
EndProject
Project("{FAE04EC0-301F-11D3-BF4B-00C04F79EFBC}") = "Notifications06", "Notifications06\Notifications06.csproj", "{0172B92E-4C09-4F32-AF94-B434B0D35BA7}"
EndProject
Project("{FAE04EC0-301F-11D3-BF4B-00C04F79EFBC}") = "NumbersToWords07", "NumbersToWords07\NumbersToWords07.csproj", "{0CD7AFD6-E295-4315-87ED-35F886CF9E63}"
EndProject
Project("{FAE04EC0-301F-11D3-BF4B-00C04F79EFBC}") = "Trial", "Trial\Trial.csproj", "{5EC5517B-F8B7-408B-A7E6-A1E284AD8194}"
EndProject
Project("{FAE04EC0-301F-11D3-BF4B-00C04F79EFBC}") = "StringEncryption08", "StringEncryption08\StringEncryption08.csproj", "{09DF89E5-8656-4D76-8395-AB024A2B0057}"
EndProject
Project("{FAE04EC0-301F-11D3-BF4B-00C04F79EFBC}") = "MehodsArrays", "MehodsArrays\MehodsArrays.csproj", "{2B1873FE-20C5-4D53-ACD8-4E81B11AF5A5}"
EndProject
Global
	GlobalSection(SolutionConfigurationPlatforms) = preSolution
		Debug|Any CPU = Debug|Any CPU
		Release|Any CPU = Release|Any CPU
	EndGlobalSection
	GlobalSection(ProjectConfigurationPlatforms) = postSolution
		{DCBA7469-135A-450A-9826-2DFF9D662EBD}.Debug|Any CPU.ActiveCfg = Debug|Any CPU
		{DCBA7469-135A-450A-9826-2DFF9D662EBD}.Debug|Any CPU.Build.0 = Debug|Any CPU
		{DCBA7469-135A-450A-9826-2DFF9D662EBD}.Release|Any CPU.ActiveCfg = Release|Any CPU
		{DCBA7469-135A-450A-9826-2DFF9D662EBD}.Release|Any CPU.Build.0 = Release|Any CPU
		{F03AEE2D-46FC-4E99-BEF2-235E03A3B297}.Debug|Any CPU.ActiveCfg = Debug|Any CPU
		{F03AEE2D-46FC-4E99-BEF2-235E03A3B297}.Debug|Any CPU.Build.0 = Debug|Any CPU
		{F03AEE2D-46FC-4E99-BEF2-235E03A3B297}.Release|Any CPU.ActiveCfg = Release|Any CPU
		{F03AEE2D-46FC-4E99-BEF2-235E03A3B297}.Release|Any CPU.Build.0 = Release|Any CPU
		{E04054E1-7D93-484E-B0BB-127C58A69B7C}.Debug|Any CPU.ActiveCfg = Debug|Any CPU
		{E04054E1-7D93-484E-B0BB-127C58A69B7C}.Debug|Any CPU.Build.0 = Debug|Any CPU
		{E04054E1-7D93-484E-B0BB-127C58A69B7C}.Release|Any CPU.ActiveCfg = Release|Any CPU
		{E04054E1-7D93-484E-B0BB-127C58A69B7C}.Release|Any CPU.Build.0 = Release|Any CPU
		{001CBB0E-EAB9-4186-86BC-16116AA736E2}.Debug|Any CPU.ActiveCfg = Debug|Any CPU
		{001CBB0E-EAB9-4186-86BC-16116AA736E2}.Debug|Any CPU.Build.0 = Debug|Any CPU
		{001CBB0E-EAB9-4186-86BC-16116AA736E2}.Release|Any CPU.ActiveCfg = Release|Any CPU
		{001CBB0E-EAB9-4186-86BC-16116AA736E2}.Release|Any CPU.Build.0 = Release|Any CPU
		{0172B92E-4C09-4F32-AF94-B434B0D35BA7}.Debug|Any CPU.ActiveCfg = Debug|Any CPU
		{0172B92E-4C09-4F32-AF94-B434B0D35BA7}.Debug|Any CPU.Build.0 = Debug|Any CPU
		{0172B92E-4C09-4F32-AF94-B434B0D35BA7}.Release|Any CPU.ActiveCfg = Release|Any CPU
		{0172B92E-4C09-4F32-AF94-B434B0D35BA7}.Release|Any CPU.Build.0 = Release|Any CPU
		{0CD7AFD6-E295-4315-87ED-35F886CF9E63}.Debug|Any CPU.ActiveCfg = Debug|Any CPU
		{0CD7AFD6-E295-4315-87ED-35F886CF9E63}.Debug|Any CPU.Build.0 = Debug|Any CPU
		{0CD7AFD6-E295-4315-87ED-35F886CF9E63}.Release|Any CPU.ActiveCfg = Release|Any CPU
		{0CD7AFD6-E295-4315-87ED-35F886CF9E63}.Release|Any CPU.Build.0 = Release|Any CPU
		{5EC5517B-F8B7-408B-A7E6-A1E284AD8194}.Debug|Any CPU.ActiveCfg = Debug|Any CPU
		{5EC5517B-F8B7-408B-A7E6-A1E284AD8194}.Debug|Any CPU.Build.0 = Debug|Any CPU
		{5EC5517B-F8B7-408B-A7E6-A1E284AD8194}.Release|Any CPU.ActiveCfg = Release|Any CPU
		{5EC5517B-F8B7-408B-A7E6-A1E284AD8194}.Release|Any CPU.Build.0 = Release|Any CPU
		{09DF89E5-8656-4D76-8395-AB024A2B0057}.Debug|Any CPU.ActiveCfg = Debug|Any CPU
		{09DF89E5-8656-4D76-8395-AB024A2B0057}.Debug|Any CPU.Build.0 = Debug|Any CPU
		{09DF89E5-8656-4D76-8395-AB024A2B0057}.Release|Any CPU.ActiveCfg = Release|Any CPU
		{09DF89E5-8656-4D76-8395-AB024A2B0057}.Release|Any CPU.Build.0 = Release|Any CPU
		{2B1873FE-20C5-4D53-ACD8-4E81B11AF5A5}.Debug|Any CPU.ActiveCfg = Debug|Any CPU
		{2B1873FE-20C5-4D53-ACD8-4E81B11AF5A5}.Debug|Any CPU.Build.0 = Debug|Any CPU
		{2B1873FE-20C5-4D53-ACD8-4E81B11AF5A5}.Release|Any CPU.ActiveCfg = Release|Any CPU
		{2B1873FE-20C5-4D53-ACD8-4E81B11AF5A5}.Release|Any CPU.Build.0 = Release|Any CPU
	EndGlobalSection
	GlobalSection(SolutionProperties) = preSolution
		HideSolutionNode = FALSE
	EndGlobalSection
EndGlobal
